
Microsoft Visual Studio Solution File, Format Version 12.00
# Visual Studio Version 16
VisualStudioVersion = 16.0.30711.63
MinimumVisualStudioVersion = 10.0.40219.1
Project("{9A19103F-16F7-4668-BE54-9A1E7A4F7556}") = "WebsiteMain", "WebsiteMain\WebsiteMain.csproj", "{372EE62E-5A1C-4365-98BF-9B9B23F0FB28}"
EndProject
Project("{9A19103F-16F7-4668-BE54-9A1E7A4F7556}") = "CardGameData", "CardGameData\CardGameData.csproj", "{2A3D5716-B95C-4B95-8ECF-0EF8CD9689DD}"
EndProject
Project("{2150E333-8FDC-42A3-9474-1A3956D46DE8}") = "sln", "sln", "{53204AD6-B92D-4032-821D-24B85BA8B604}"
	ProjectSection(SolutionItems) = preProject
		.gitignore = .gitignore
	EndProjectSection
EndProject
Global
	GlobalSection(SolutionConfigurationPlatforms) = preSolution
		Debug|Any CPU = Debug|Any CPU
		Release|Any CPU = Release|Any CPU
	EndGlobalSection
	GlobalSection(ProjectConfigurationPlatforms) = postSolution
		{372EE62E-5A1C-4365-98BF-9B9B23F0FB28}.Debug|Any CPU.ActiveCfg = Debug|Any CPU
		{372EE62E-5A1C-4365-98BF-9B9B23F0FB28}.Debug|Any CPU.Build.0 = Debug|Any CPU
		{372EE62E-5A1C-4365-98BF-9B9B23F0FB28}.Release|Any CPU.ActiveCfg = Release|Any CPU
		{372EE62E-5A1C-4365-98BF-9B9B23F0FB28}.Release|Any CPU.Build.0 = Release|Any CPU
		{2A3D5716-B95C-4B95-8ECF-0EF8CD9689DD}.Debug|Any CPU.ActiveCfg = Debug|Any CPU
		{2A3D5716-B95C-4B95-8ECF-0EF8CD9689DD}.Debug|Any CPU.Build.0 = Debug|Any CPU
		{2A3D5716-B95C-4B95-8ECF-0EF8CD9689DD}.Release|Any CPU.ActiveCfg = Release|Any CPU
		{2A3D5716-B95C-4B95-8ECF-0EF8CD9689DD}.Release|Any CPU.Build.0 = Release|Any CPU
	EndGlobalSection
	GlobalSection(SolutionProperties) = preSolution
		HideSolutionNode = FALSE
	EndGlobalSection
	GlobalSection(ExtensibilityGlobals) = postSolution
		SolutionGuid = {AE8E84D2-1243-47A4-B293-73A7ACE85739}
	EndGlobalSection
EndGlobal
